<?xml version="1.0" encoding="utf-8"?>
<Project ToolsVersion="4.0" xmlns="http://schemas.microsoft.com/developer/msbuild/2003">
  <ItemGroup>
    <Filter Include="源文件">
      <UniqueIdentifier>{4FC737F1-C7A5-4376-A066-2A32D752A2FF}</UniqueIdentifier>
      <Extensions>cpp;c;cc;cxx;def;odl;idl;hpj;bat;asm;asmx</Extensions>
    </Filter>
    <Filter Include="头文件">
      <UniqueIdentifier>{93995380-89BD-4b04-88EB-625FBE52EBFB}</UniqueIdentifier>
      <Extensions>h;hh;hpp;hxx;hm;inl;inc;ipp;xsd</Extensions>
    </Filter>
    <Filter Include="资源文件">
      <UniqueIdentifier>{146b43ce-58cc-4a8a-b264-b41c88fd83de}</UniqueIdentifier>
    </Filter>
  </ItemGroup>
  <ItemGroup>
    <ClInclude Include="Resource.h">
      <Filter>头文件</Filter>
    </ClInclude>
    <ClInclude Include="ContraGame.h">
      <Filter>头文件</Filter>
    </ClInclude>
  </ItemGroup>
  <ItemGroup>
    <ClCompile Include="ContraGame.cpp">
      <Filter>源文件</Filter>
    </ClCompile>
  </ItemGroup>
  <ItemGroup>
    <ResourceCompile Include="ContraGame.rc">
      <Filter>资源文件</Filter>
    </ResourceCompile>
  </ItemGroup>
  <ItemGroup>
    <Image Include="res\START.bmp">
      <Filter>资源文件</Filter>
    </Image>
    <Image Include="res\Blue.bmp">
      <Filter>资源文件</Filter>
    </Image>
    <Image Include="res\icon.ico">
      <Filter>资源文件</Filter>
    </Image>
    <Image Include="res\Red.bmp">
      <Filter>资源文件</Filter>
    </Image>
    <Image Include="res\HELP.bmp">
      <Filter>资源文件</Filter>
    </Image>
    <Image Include="res\BACK.bmp">
      <Filter>资源文件</Filter>
    </Image>
    <Image Include="res\MENU.bmp">
      <Filter>资源文件</Filter>
    </Image>
    <Image Include="res\RESUME.bmp">
      <Filter>资源文件</Filter>
    </Image>
    <Image Include="res\Hero\hero.bmp">
      <Filter>资源文件</Filter>
    </Image>
    <Image Include="res\bk_forest.bmp">
      <Filter>资源文件</Filter>
    </Image>
    <Image Include="res\bk_help.bmp">
      <Filter>资源文件</Filter>
    </Image>
    <Image Include="res\bk_title.bmp">
      <Filter>资源文件</Filter>
    </Image>
    <Image Include="res\tx_bouns.bmp">
      <Filter>资源文件</Filter>
    </Image>
    <Image Include="res\tx_box.bmp">
      <Filter>资源文件</Filter>
    </Image>
    <Image Include="res\tx_coin.bmp">
      <Filter>资源文件</Filter>
    </Image>
    <Image Include="res\tx_door.bmp">
      <Filter>资源文件</Filter>
    </Image>
    <Image Include="res\tx_fish.bmp">
      <Filter>资源文件</Filter>
    </Image>
    <Image Include="res\tx_flag.bmp">
      <Filter>资源文件</Filter>
    </Image>
    <Image Include="res\tx_frog.bmp">
      <Filter>资源文件</Filter>
    </Image>
    <Image Include="res\tx_key.bmp">
      <Filter>资源文件</Filter>
    </Image>
    <Image Include="res\tx_lazer.bmp">
      <Filter>资源文件</Filter>
    </Image>
    <Image Include="res\tx_spider.bmp">
      <Filter>资源文件</Filter>
    </Image>
    <Image Include="res\tx_switch.bmp">
      <Filter>资源文件</Filter>
    </Image>
    <Image Include="res\ui_heart.bmp">
      <Filter>资源文件</Filter>
    </Image>
    <Image Include="res\ui_key_false.bmp">
      <Filter>资源文件</Filter>
    </Image>
    <Image Include="res\ui_key_true.bmp">
      <Filter>资源文件</Filter>
    </Image>
    <Image Include="res\ui_numbers.bmp">
      <Filter>资源文件</Filter>
    </Image>
    <Image Include="res\ui_x.bmp">
      <Filter>资源文件</Filter>
    </Image>
    <Image Include="res\RESTART.bmp">
      <Filter>资源文件</Filter>
    </Image>
    <Image Include="res\bk_gameover.bmp" />
    <Image Include="res\tx_attack.bmp" />
  </ItemGroup>
</Project>